
Microsoft Visual Studio Solution File, Format Version 12.00
# Visual Studio Version 17
VisualStudioVersion = 17.14.36804.6
MinimumVisualStudioVersion = 10.0.40219.1
Project("{8BC9CEB8-8B4A-11D0-8D11-00A0C91BC942}") = "Sandbox", "Sandbox\Sandbox.vcxproj", "{CA0DDD5F-50CF-4C79-8D13-CDE5B4BA2901}"
EndProject
Project("{8BC9CEB8-8B4A-11D0-8D11-00A0C91BC942}") = "Hazel", "Hazel\Hazel.vcxproj", "{BAB0B38D-F612-4C7D-A25A-7F0A657C5388}"
EndProject
Global
	GlobalSection(SolutionConfigurationPlatforms) = preSolution
		Debug|x64 = Debug|x64
		Release|x64 = Release|x64
	EndGlobalSection
	GlobalSection(ProjectConfigurationPlatforms) = postSolution
		{BAB0B38D-F612-4C7D-A25A-7F0A657C5388}.Debug|x64.ActiveCfg = Debug|x64
		{BAB0B38D-F612-4C7D-A25A-7F0A657C5388}.Debug|x64.Build.0 = Debug|x64
		{BAB0B38D-F612-4C7D-A25A-7F0A657C5388}.Release|x64.ActiveCfg = Release|x64
		{BAB0B38D-F612-4C7D-A25A-7F0A657C5388}.Release|x64.Build.0 = Release|x64
		{CA0DDD5F-50CF-4C79-8D13-CDE5B4BA2901}.Debug|x64.ActiveCfg = Debug|x64
		{CA0DDD5F-50CF-4C79-8D13-CDE5B4BA2901}.Debug|x64.Build.0 = Debug|x64
		{CA0DDD5F-50CF-4C79-8D13-CDE5B4BA2901}.Release|x64.ActiveCfg = Release|x64
		{CA0DDD5F-50CF-4C79-8D13-CDE5B4BA2901}.Release|x64.Build.0 = Release|x64
	EndGlobalSection
	GlobalSection(SolutionProperties) = preSolution
		HideSolutionNode = FALSE
	EndGlobalSection
	GlobalSection(ExtensibilityGlobals) = postSolution
		SolutionGuid = {25D7B53C-9802-4C6A-B87F-7D6AD29D65A7}
	EndGlobalSection
EndGlobal
